
Microsoft Visual Studio Solution File, Format Version 12.00
# Visual Studio Version 17
VisualStudioVersion = 17.14.36327.8 d17.14
MinimumVisualStudioVersion = 10.0.40219.1
Project("{FAE04EC0-301F-11D3-BF4B-00C04F79EFBC}") = "MovieTracker", "MovieTracker\MovieTracker.csproj", "{7B5CF288-338D-44F5-B996-A5D4D0210871}"
EndProject
Project("{FAE04EC0-301F-11D3-BF4B-00C04F79EFBC}") = "Domain", "Domain\Domain.csproj", "{C6EF4BB6-3371-4131-B8AE-46E0DA598D2A}"
EndProject
Project("{FAE04EC0-301F-11D3-BF4B-00C04F79EFBC}") = "Test", "Test\Test.csproj", "{26D8FC08-10E9-4AD9-A7FC-48176F3F861A}"
EndProject
Project("{FAE04EC0-301F-11D3-BF4B-00C04F79EFBC}") = "API", "API\API.csproj", "{338AE573-152B-4407-B0D3-9A9D96D0A25A}"
EndProject
Global
	GlobalSection(SolutionConfigurationPlatforms) = preSolution
		Debug|Any CPU = Debug|Any CPU
		Release|Any CPU = Release|Any CPU
	EndGlobalSection
	GlobalSection(ProjectConfigurationPlatforms) = postSolution
		{7B5CF288-338D-44F5-B996-A5D4D0210871}.Debug|Any CPU.ActiveCfg = Debug|Any CPU
		{7B5CF288-338D-44F5-B996-A5D4D0210871}.Debug|Any CPU.Build.0 = Debug|Any CPU
		{7B5CF288-338D-44F5-B996-A5D4D0210871}.Release|Any CPU.ActiveCfg = Release|Any CPU
		{7B5CF288-338D-44F5-B996-A5D4D0210871}.Release|Any CPU.Build.0 = Release|Any CPU
		{C6EF4BB6-3371-4131-B8AE-46E0DA598D2A}.Debug|Any CPU.ActiveCfg = Debug|Any CPU
		{C6EF4BB6-3371-4131-B8AE-46E0DA598D2A}.Debug|Any CPU.Build.0 = Debug|Any CPU
		{C6EF4BB6-3371-4131-B8AE-46E0DA598D2A}.Release|Any CPU.ActiveCfg = Release|Any CPU
		{C6EF4BB6-3371-4131-B8AE-46E0DA598D2A}.Release|Any CPU.Build.0 = Release|Any CPU
		{26D8FC08-10E9-4AD9-A7FC-48176F3F861A}.Debug|Any CPU.ActiveCfg = Debug|Any CPU
		{26D8FC08-10E9-4AD9-A7FC-48176F3F861A}.Debug|Any CPU.Build.0 = Debug|Any CPU
		{26D8FC08-10E9-4AD9-A7FC-48176F3F861A}.Release|Any CPU.ActiveCfg = Release|Any CPU
		{26D8FC08-10E9-4AD9-A7FC-48176F3F861A}.Release|Any CPU.Build.0 = Release|Any CPU
		{338AE573-152B-4407-B0D3-9A9D96D0A25A}.Debug|Any CPU.ActiveCfg = Debug|Any CPU
		{338AE573-152B-4407-B0D3-9A9D96D0A25A}.Debug|Any CPU.Build.0 = Debug|Any CPU
		{338AE573-152B-4407-B0D3-9A9D96D0A25A}.Release|Any CPU.ActiveCfg = Release|Any CPU
		{338AE573-152B-4407-B0D3-9A9D96D0A25A}.Release|Any CPU.Build.0 = Release|Any CPU
	EndGlobalSection
	GlobalSection(SolutionProperties) = preSolution
		HideSolutionNode = FALSE
	EndGlobalSection
	GlobalSection(ExtensibilityGlobals) = postSolution
		SolutionGuid = {341A4A72-8BA2-4319-AAF8-FDFB6C7186A0}
	EndGlobalSection
EndGlobal
